// !$*UTF8*$!
{
	archiveVersion = 1;
	classes = {
	};
	objectVersion = 56;
	objects = {

/* Begin PBXBuildFile section */
		85C03D7CF2D47724949EA05F /* Cocoa.framework in Frameworks */ = {isa = PBXBuildFile; fileRef = D57AA9E1A5E3E5C6ED5E9CDC /* Cocoa.framework */; };
		A59751F2C0DC2F523BDCF5B6 /* ClipboardItemTests.swift in Sources */ = {isa = PBXBuildFile; fileRef = 4968B0D06F35B2362E7B8C7B /* ClipboardItemTests.swift */; };
		AAA00001 /* BufferApp.swift in Sources */ = {isa = PBXBuildFile; fileRef = BBB00001 /* BufferApp.swift */; };
		AAA00002 /* AppDelegate.swift in Sources */ = {isa = PBXBuildFile; fileRef = BBB00002 /* AppDelegate.swift */; };
		AAA00003 /* ClipboardItem.swift in Sources */ = {isa = PBXBuildFile; fileRef = BBB00003 /* ClipboardItem.swift */; };
		AAA00004 /* ClipboardWatcher.swift in Sources */ = {isa = PBXBuildFile; fileRef = BBB00004 /* ClipboardWatcher.swift */; };
		AAA00005 /* ClipboardStore.swift in Sources */ = {isa = PBXBuildFile; fileRef = BBB00005 /* ClipboardStore.swift */; };
		AAA00006 /* HotkeyManager.swift in Sources */ = {isa = PBXBuildFile; fileRef = BBB00006 /* HotkeyManager.swift */; };
		AAA00007 /* PasteController.swift in Sources */ = {isa = PBXBuildFile; fileRef = BBB00007 /* PasteController.swift */; };
		AAA00008 /* HistoryWindow.swift in Sources */ = {isa = PBXBuildFile; fileRef = BBB00008 /* HistoryWindow.swift */; };
		AAA00009 /* ClipboardListView.swift in Sources */ = {isa = PBXBuildFile; fileRef = BBB00009 /* ClipboardListView.swift */; };
		AAA00010 /* ClipboardItemRow.swift in Sources */ = {isa = PBXBuildFile; fileRef = BBB00010 /* ClipboardItemRow.swift */; };
		AAA00011 /* SearchField.swift in Sources */ = {isa = PBXBuildFile; fileRef = BBB00011 /* SearchField.swift */; };
		AAA00012 /* StatusBarController.swift in Sources */ = {isa = PBXBuildFile; fileRef = BBB00012 /* StatusBarController.swift */; };
		AAA00013 /* SettingsManager.swift in Sources */ = {isa = PBXBuildFile; fileRef = BBB00015 /* SettingsManager.swift */; };
		AAA00014 /* SettingsView.swift in Sources */ = {isa = PBXBuildFile; fileRef = BBB00016 /* SettingsView.swift */; };
		AAA00015 /* OCRService.swift in Sources */ = {isa = PBXBuildFile; fileRef = BBB00017 /* OCRService.swift */; };
		AAA00016 /* TagChip.swift in Sources */ = {isa = PBXBuildFile; fileRef = BBB00018 /* TagChip.swift */; };
		AAA00017 /* UpdateService.swift in Sources */ = {isa = PBXBuildFile; fileRef = BBB00019 /* UpdateService.swift */; };
		D87736122F8ECC6B00392A0B /* ClickDetector.swift in Sources */ = {isa = PBXBuildFile; fileRef = D87736112F8ECC6B00392A0B /* ClickDetector.swift */; };
		AAA00020 /* PasteButton.swift in Sources */ = {isa = PBXBuildFile; fileRef = BBB00020 /* PasteButton.swift */; };
		AAA00021 /* ShortcutsCheatSheetView.swift in Sources */ = {isa = PBXBuildFile; fileRef = BBB00021 /* ShortcutsCheatSheetView.swift */; };
		AAA00022 /* ZoomableImageView.swift in Sources */ = {isa = PBXBuildFile; fileRef = BBB00022 /* ZoomableImageView.swift */; };
		AAA00023 /* LanguageDetector.swift in Sources */ = {isa = PBXBuildFile; fileRef = BBB00023 /* LanguageDetector.swift */; };
		AAA00024 /* SyntaxHighlighting.swift in Sources */ = {isa = PBXBuildFile; fileRef = BBB00024 /* SyntaxHighlighting.swift */; };
		AAA00025 /* Highlighter in Frameworks */ = {isa = PBXBuildFile; productRef = PKG00002 /* Highlighter */; };
		AAA00026 /* CodeFormatter.swift in Sources */ = {isa = PBXBuildFile; fileRef = BBB00025 /* CodeFormatter.swift */; };
/* End PBXBuildFile section */

/* Begin PBXContainerItemProxy section */
		63437C035E543E23E2D29727 /* PBXContainerItemProxy */ = {
			isa = PBXContainerItemProxy;
			containerPortal = GGG00001 /* Project object */;
			proxyType = 1;
			remoteGlobalIDString = EEE00001;
			remoteInfo = Buffer;
		};
/* End PBXContainerItemProxy section */

/* Begin PBXFileReference section */
		4968B0D06F35B2362E7B8C7B /* ClipboardItemTests.swift */ = {isa = PBXFileReference; includeInIndex = 1; lastKnownFileType = sourcecode.swift; path = ClipboardItemTests.swift; sourceTree = "<group>"; };
		BBB00000 /* Buffer.app */ = {isa = PBXFileReference; explicitFileType = wrapper.application; includeInIndex = 0; path = Buffer.app; sourceTree = BUILT_PRODUCTS_DIR; };
		BBB00001 /* BufferApp.swift */ = {isa = PBXFileReference; lastKnownFileType = sourcecode.swift; path = BufferApp.swift; sourceTree = "<group>"; };
		BBB00002 /* AppDelegate.swift */ = {isa = PBXFileReference; lastKnownFileType = sourcecode.swift; path = AppDelegate.swift; sourceTree = "<group>"; };
		BBB00003 /* ClipboardItem.swift */ = {isa = PBXFileReference; lastKnownFileType = sourcecode.swift; path = ClipboardItem.swift; sourceTree = "<group>"; };
		BBB00004 /* ClipboardWatcher.swift */ = {isa = PBXFileReference; lastKnownFileType = sourcecode.swift; path = ClipboardWatcher.swift; sourceTree = "<group>"; };
		BBB00005 /* ClipboardStore.swift */ = {isa = PBXFileReference; lastKnownFileType = sourcecode.swift; path = ClipboardStore.swift; sourceTree = "<group>"; };
		BBB00006 /* HotkeyManager.swift */ = {isa = PBXFileReference; lastKnownFileType = sourcecode.swift; path = HotkeyManager.swift; sourceTree = "<group>"; };
		BBB00007 /* PasteController.swift */ = {isa = PBXFileReference; lastKnownFileType = sourcecode.swift; path = PasteController.swift; sourceTree = "<group>"; };
		BBB00008 /* HistoryWindow.swift */ = {isa = PBXFileReference; lastKnownFileType = sourcecode.swift; path = HistoryWindow.swift; sourceTree = "<group>"; };
		BBB00009 /* ClipboardListView.swift */ = {isa = PBXFileReference; lastKnownFileType = sourcecode.swift; path = ClipboardListView.swift; sourceTree = "<group>"; };
		BBB00010 /* ClipboardItemRow.swift */ = {isa = PBXFileReference; lastKnownFileType = sourcecode.swift; path = ClipboardItemRow.swift; sourceTree = "<group>"; };
		BBB00011 /* SearchField.swift */ = {isa = PBXFileReference; lastKnownFileType = sourcecode.swift; path = SearchField.swift; sourceTree = "<group>"; };
		BBB00012 /* StatusBarController.swift */ = {isa = PBXFileReference; lastKnownFileType = sourcecode.swift; path = StatusBarController.swift; sourceTree = "<group>"; };
		BBB00013 /* Info.plist */ = {isa = PBXFileReference; lastKnownFileType = text.plist.xml; path = Info.plist; sourceTree = "<group>"; };
		BBB00014 /* Buffer.entitlements */ = {isa = PBXFileReference; lastKnownFileType = text.plist.entitlements; path = Buffer.entitlements; sourceTree = "<group>"; };
		BBB00015 /* SettingsManager.swift */ = {isa = PBXFileReference; lastKnownFileType = sourcecode.swift; path = SettingsManager.swift; sourceTree = "<group>"; };
		BBB00016 /* SettingsView.swift */ = {isa = PBXFileReference; lastKnownFileType = sourcecode.swift; path = SettingsView.swift; sourceTree = "<group>"; };
		BBB00017 /* OCRService.swift */ = {isa = PBXFileReference; lastKnownFileType = sourcecode.swift; path = OCRService.swift; sourceTree = "<group>"; };
		BBB00018 /* TagChip.swift */ = {isa = PBXFileReference; lastKnownFileType = sourcecode.swift; path = TagChip.swift; sourceTree = "<group>"; };
		BBB00019 /* UpdateService.swift */ = {isa = PBXFileReference; lastKnownFileType = sourcecode.swift; path = UpdateService.swift; sourceTree = "<group>"; };
		D57AA9E1A5E3E5C6ED5E9CDC /* Cocoa.framework */ = {isa = PBXFileReference; lastKnownFileType = wrapper.framework; name = Cocoa.framework; path = Platforms/MacOSX.platform/Developer/SDKs/MacOSX15.0.sdk/System/Library/Frameworks/Cocoa.framework; sourceTree = DEVELOPER_DIR; };
		D87736112F8ECC6B00392A0B /* ClickDetector.swift */ = {isa = PBXFileReference; lastKnownFileType = sourcecode.swift; path = ClickDetector.swift; sourceTree = "<group>"; };
		BBB00020 /* PasteButton.swift */ = {isa = PBXFileReference; lastKnownFileType = sourcecode.swift; path = PasteButton.swift; sourceTree = "<group>"; };
		BBB00021 /* ShortcutsCheatSheetView.swift */ = {isa = PBXFileReference; lastKnownFileType = sourcecode.swift; path = ShortcutsCheatSheetView.swift; sourceTree = "<group>"; };
		BBB00022 /* ZoomableImageView.swift */ = {isa = PBXFileReference; lastKnownFileType = sourcecode.swift; path = ZoomableImageView.swift; sourceTree = "<group>"; };
		BBB00023 /* LanguageDetector.swift */ = {isa = PBXFileReference; lastKnownFileType = sourcecode.swift; path = LanguageDetector.swift; sourceTree = "<group>"; };
		BBB00024 /* SyntaxHighlighting.swift */ = {isa = PBXFileReference; lastKnownFileType = sourcecode.swift; path = SyntaxHighlighting.swift; sourceTree = "<group>"; };
		BBB00025 /* CodeFormatter.swift */ = {isa = PBXFileReference; lastKnownFileType = sourcecode.swift; path = CodeFormatter.swift; sourceTree = "<group>"; };
		EB5F7ACF8D07ACEDB0B7217E /* BufferTests.xctest */ = {isa = PBXFileReference; explicitFileType = wrapper.cfbundle; includeInIndex = 0; path = BufferTests.xctest; sourceTree = BUILT_PRODUCTS_DIR; };
/* End PBXFileReference section */

/* Begin PBXFrameworksBuildPhase section */
		C38C749DFF6F5D25F117BC95 /* Frameworks */ = {
			isa = PBXFrameworksBuildPhase;
			buildActionMask = 2147483647;
			files = (
				85C03D7CF2D47724949EA05F /* Cocoa.framework in Frameworks */,
			);
			runOnlyForDeploymentPostprocessing = 0;
		};
		CCC00001 /* Frameworks */ = {
			isa = PBXFrameworksBuildPhase;
			buildActionMask = 2147483647;
			files = (
				AAA00025 /* Highlighter in Frameworks */,
			);
			runOnlyForDeploymentPostprocessing = 0;
		};
/* End PBXFrameworksBuildPhase section */

/* Begin PBXGroup section */
		018E7AC5A0733138F1AD70FC /* OS X */ = {
			isa = PBXGroup;
			children = (
				D57AA9E1A5E3E5C6ED5E9CDC /* Cocoa.framework */,
			);
			name = "OS X";
			sourceTree = "<group>";
		};
		24F0BCE63691F302E92A44C2 /* Frameworks */ = {
			isa = PBXGroup;
			children = (
				018E7AC5A0733138F1AD70FC /* OS X */,
			);
			name = Frameworks;
			sourceTree = "<group>";
		};
		494C8BEB5CD3C12F9F01766E /* BufferTests */ = {
			isa = PBXGroup;
			children = (
				4968B0D06F35B2362E7B8C7B /* ClipboardItemTests.swift */,
			);
			name = BufferTests;
			path = BufferTests;
			sourceTree = "<group>";
		};
		DDD00000 = {
			isa = PBXGroup;
			children = (
				DDD00001 /* Buffer */,
				DDD00005 /* Products */,
				24F0BCE63691F302E92A44C2 /* Frameworks */,
				494C8BEB5CD3C12F9F01766E /* BufferTests */,
			);
			sourceTree = "<group>";
		};
		DDD00001 /* Buffer */ = {
			isa = PBXGroup;
			children = (
				BBB00001 /* BufferApp.swift */,
				BBB00002 /* AppDelegate.swift */,
				DDD00002 /* Models */,
				DDD00003 /* Services */,
				DDD00004 /* Views */,
				BBB00013 /* Info.plist */,
				BBB00014 /* Buffer.entitlements */,
			);
			name = Buffer;
			path = .;
			sourceTree = "<group>";
		};
		DDD00002 /* Models */ = {
			isa = PBXGroup;
			children = (
				BBB00003 /* ClipboardItem.swift */,
			);
			path = Models;
			sourceTree = "<group>";
		};
		DDD00003 /* Services */ = {
			isa = PBXGroup;
			children = (
				BBB00004 /* ClipboardWatcher.swift */,
				BBB00005 /* ClipboardStore.swift */,
				BBB00006 /* HotkeyManager.swift */,
				BBB00007 /* PasteController.swift */,
				BBB00015 /* SettingsManager.swift */,
				BBB00017 /* OCRService.swift */,
				BBB00019 /* UpdateService.swift */,
				BBB00023 /* LanguageDetector.swift */,
				BBB00024 /* SyntaxHighlighting.swift */,
				BBB00025 /* CodeFormatter.swift */,
			);
			path = Services;
			sourceTree = "<group>";
		};
		DDD00004 /* Views */ = {
			isa = PBXGroup;
			children = (
				D87736112F8ECC6B00392A0B /* ClickDetector.swift */,
				BBB00018 /* TagChip.swift */,
				BBB00008 /* HistoryWindow.swift */,
				BBB00009 /* ClipboardListView.swift */,
				BBB00010 /* ClipboardItemRow.swift */,
				BBB00011 /* SearchField.swift */,
				BBB00012 /* StatusBarController.swift */,
				BBB00016 /* SettingsView.swift */,
				BBB00020 /* PasteButton.swift */,
				BBB00021 /* ShortcutsCheatSheetView.swift */,
				BBB00022 /* ZoomableImageView.swift */,
			);
			path = Views;
			sourceTree = "<group>";
		};
		DDD00005 /* Products */ = {
			isa = PBXGroup;
			children = (
				BBB00000 /* Buffer.app */,
				EB5F7ACF8D07ACEDB0B7217E /* BufferTests.xctest */,
			);
			name = Products;
			sourceTree = "<group>";
		};
/* End PBXGroup section */

/* Begin PBXNativeTarget section */
		C3919C9418D9BDEFE1B559A5 /* BufferTests */ = {
			isa = PBXNativeTarget;
			buildConfigurationList = DC4E627FBEC5DAB26D856412 /* Build configuration list for PBXNativeTarget "BufferTests" */;
			buildPhases = (
				01448E7275C8A06E71D298A0 /* Sources */,
				C38C749DFF6F5D25F117BC95 /* Frameworks */,
				F94F4C68FA69548E1260DA5E /* Resources */,
			);
			buildRules = (
			);
			dependencies = (
				6E964EE745AAD8ECDAA95862 /* PBXTargetDependency */,
			);
			name = BufferTests;
			productName = BufferTests;
			productReference = EB5F7ACF8D07ACEDB0B7217E /* BufferTests.xctest */;
			productType = "com.apple.product-type.bundle.unit-test";
		};
		EEE00001 /* Buffer */ = {
			isa = PBXNativeTarget;
			buildConfigurationList = FFF00003 /* Build configuration list for PBXNativeTarget "Buffer" */;
			buildPhases = (
				EEE00002 /* Sources */,
				CCC00001 /* Frameworks */,
				EEE00003 /* Resources */,
			);
			buildRules = (
			);
			dependencies = (
			);
			name = Buffer;
			packageProductDependencies = (
				PKG00002 /* Highlighter */,
			);
			productName = Buffer;
			productReference = BBB00000 /* Buffer.app */;
			productType = "com.apple.product-type.application";
		};
/* End PBXNativeTarget section */

/* Begin PBXProject section */
		GGG00001 /* Project object */ = {
			isa = PBXProject;
			attributes = {
				BuildIndependentTargetsInParallel = 1;
				LastSwiftUpdateCheck = 1500;
				LastUpgradeCheck = 1500;
				TargetAttributes = {
					EEE00001 = {
						CreatedOnToolsVersion = 15.0;
					};
				};
			};
			buildConfigurationList = FFF00001 /* Build configuration list for PBXProject "Buffer" */;
			compatibilityVersion = "Xcode 14.0";
			developmentRegion = en;
			hasScannedForEncodings = 0;
			knownRegions = (
				en,
				Base,
			);
			mainGroup = DDD00000;
			packageReferences = (
				PKG00001 /* XCRemoteSwiftPackageReference "HighlighterSwift" */,
			);
			productRefGroup = DDD00005 /* Products */;
			projectDirPath = "";
			projectRoot = "";
			targets = (
				EEE00001 /* Buffer */,
				C3919C9418D9BDEFE1B559A5 /* BufferTests */,
			);
		};
/* End PBXProject section */

/* Begin PBXResourcesBuildPhase section */
		EEE00003 /* Resources */ = {
			isa = PBXResourcesBuildPhase;
			buildActionMask = 2147483647;
			files = (
			);
			runOnlyForDeploymentPostprocessing = 0;
		};
		F94F4C68FA69548E1260DA5E /* Resources */ = {
			isa = PBXResourcesBuildPhase;
			buildActionMask = 2147483647;
			files = (
			);
			runOnlyForDeploymentPostprocessing = 0;
		};
/* End PBXResourcesBuildPhase section */

/* Begin PBXSourcesBuildPhase section */
		01448E7275C8A06E71D298A0 /* Sources */ = {
			isa = PBXSourcesBuildPhase;
			buildActionMask = 2147483647;
			files = (
				A59751F2C0DC2F523BDCF5B6 /* ClipboardItemTests.swift in Sources */,
			);
			runOnlyForDeploymentPostprocessing = 0;
		};
		EEE00002 /* Sources */ = {
			isa = PBXSourcesBuildPhase;
			buildActionMask = 2147483647;
			files = (
				AAA00001 /* BufferApp.swift in Sources */,
				AAA00002 /* AppDelegate.swift in Sources */,
				AAA00003 /* ClipboardItem.swift in Sources */,
				AAA00004 /* ClipboardWatcher.swift in Sources */,
				AAA00005 /* ClipboardStore.swift in Sources */,
				AAA00006 /* HotkeyManager.swift in Sources */,
				AAA00007 /* PasteController.swift in Sources */,
				AAA00008 /* HistoryWindow.swift in Sources */,
				AAA00009 /* ClipboardListView.swift in Sources */,
				AAA00010 /* ClipboardItemRow.swift in Sources */,
				AAA00011 /* SearchField.swift in Sources */,
				AAA00012 /* StatusBarController.swift in Sources */,
				AAA00013 /* SettingsManager.swift in Sources */,
				AAA00014 /* SettingsView.swift in Sources */,
				D87736122F8ECC6B00392A0B /* ClickDetector.swift in Sources */,
				AAA00015 /* OCRService.swift in Sources */,
				AAA00016 /* TagChip.swift in Sources */,
				AAA00017 /* UpdateService.swift in Sources */,
				AAA00020 /* PasteButton.swift in Sources */,
				AAA00021 /* ShortcutsCheatSheetView.swift in Sources */,
				AAA00022 /* ZoomableImageView.swift in Sources */,
				AAA00023 /* LanguageDetector.swift in Sources */,
				AAA00024 /* SyntaxHighlighting.swift in Sources */,
				AAA00026 /* CodeFormatter.swift in Sources */,
			);
			runOnlyForDeploymentPostprocessing = 0;
		};
/* End PBXSourcesBuildPhase section */

/* Begin PBXTargetDependency section */
		6E964EE745AAD8ECDAA95862 /* PBXTargetDependency */ = {
			isa = PBXTargetDependency;
			name = Buffer;
			target = EEE00001 /* Buffer */;
			targetProxy = 63437C035E543E23E2D29727 /* PBXContainerItemProxy */;
		};
/* End PBXTargetDependency section */

/* Begin XCBuildConfiguration section */
		0D39C5320D118EB54B20C4D2 /* Release */ = {
			isa = XCBuildConfiguration;
			buildSettings = {
				BUNDLE_LOADER = "$(TEST_HOST)";
				CODE_SIGN_IDENTITY = "Apple Development";
				CODE_SIGN_STYLE = Automatic;
				DEVELOPMENT_TEAM = N26FZ4GW28;
				GENERATE_INFOPLIST_FILE = YES;
				MACOSX_DEPLOYMENT_TARGET = 13.0;
				PRODUCT_BUNDLE_IDENTIFIER = com.samirpatil.BufferTests;
				PRODUCT_NAME = BufferTests;
				SDKROOT = macosx;
				SWIFT_VERSION = 5.0;
				TEST_HOST = "$(BUILT_PRODUCTS_DIR)/Buffer.app/Contents/MacOS/Buffer";
			};
			name = Release;
		};
		C63DA15124DF42DFB7E6D9BF /* Debug */ = {
			isa = XCBuildConfiguration;
			buildSettings = {
				BUNDLE_LOADER = "$(TEST_HOST)";
				CODE_SIGN_IDENTITY = "Apple Development";
				CODE_SIGN_STYLE = Automatic;
				DEVELOPMENT_TEAM = N26FZ4GW28;
				GENERATE_INFOPLIST_FILE = YES;
				MACOSX_DEPLOYMENT_TARGET = 13.0;
				PRODUCT_BUNDLE_IDENTIFIER = com.samirpatil.BufferTests;
				PRODUCT_NAME = BufferTests;
				SDKROOT = macosx;
				SWIFT_VERSION = 5.0;
				TEST_HOST = "$(BUILT_PRODUCTS_DIR)/Buffer.app/Contents/MacOS/Buffer";
			};
			name = Debug;
		};
		FFF00002 /* Debug */ = {
			isa = XCBuildConfiguration;
			buildSettings = {
				ALWAYS_SEARCH_USER_PATHS = NO;
				ARCHS = (
					arm64,
					x86_64,
				);
				ASSETCATALOG_COMPILER_GENERATE_SWIFT_ASSET_SYMBOL_EXTENSIONS = YES;
				CLANG_ANALYZER_NONNULL = YES;
				CLANG_ANALYZER_NUMBER_OBJECT_CONVERSION = YES_AGGRESSIVE;
				CLANG_CXX_LANGUAGE_STANDARD = "gnu++20";
				CLANG_ENABLE_MODULES = YES;
				CLANG_ENABLE_OBJC_ARC = YES;
				CLANG_ENABLE_OBJC_WEAK = YES;
				CLANG_WARN_BLOCK_CAPTURE_AUTORELEASING = YES;
				CLANG_WARN_BOOL_CONVERSION = YES;
				CLANG_WARN_COMMA = YES;
				CLANG_WARN_CONSTANT_CONVERSION = YES;
				CLANG_WARN_DEPRECATED_OBJC_IMPLEMENTATIONS = YES;
				CLANG_WARN_DIRECT_OBJC_ISA_USAGE = YES_ERROR;
				CLANG_WARN_DOCUMENTATION_COMMENTS = YES;
				CLANG_WARN_EMPTY_BODY = YES;
				CLANG_WARN_ENUM_CONVERSION = YES;
				CLANG_WARN_INFINITE_RECURSION = YES;
				CLANG_WARN_INT_CONVERSION = YES;
				CLANG_WARN_NON_LITERAL_NULL_CONVERSION = YES;
				CLANG_WARN_OBJC_IMPLICIT_RETAIN_SELF = YES;
				CLANG_WARN_OBJC_LITERAL_CONVERSION = YES;
				CLANG_WARN_OBJC_ROOT_CLASS = YES_ERROR;
				CLANG_WARN_QUOTED_INCLUDE_IN_FRAMEWORK_HEADER = YES;
				CLANG_WARN_RANGE_LOOP_ANALYSIS = YES;
				CLANG_WARN_STRICT_PROTOTYPES = YES;
				CLANG_WARN_SUSPICIOUS_MOVE = YES;
				CLANG_WARN_UNGUARDED_AVAILABILITY = YES_AGGRESSIVE;
				CLANG_WARN_UNREACHABLE_CODE = YES;
				CLANG_WARN__DUPLICATE_METHOD_MATCH = YES;
				COPY_PHASE_STRIP = NO;
				DEBUG_INFORMATION_FORMAT = dwarf;
				ENABLE_STRICT_OBJC_MSGSEND = YES;
				ENABLE_TESTABILITY = YES;
				ENABLE_USER_SCRIPT_SANDBOXING = YES;
				GCC_C_LANGUAGE_STANDARD = gnu17;
				GCC_DYNAMIC_NO_PIC = NO;
				GCC_NO_COMMON_BLOCKS = YES;
				GCC_OPTIMIZATION_LEVEL = 0;
				GCC_PREPROCESSOR_DEFINITIONS = (
					"DEBUG=1",
					"$(inherited)",
				);
				GCC_WARN_64_TO_32_BIT_CONVERSION = YES;
				GCC_WARN_ABOUT_RETURN_TYPE = YES_ERROR;
				GCC_WARN_UNDECLARED_SELECTOR = YES;
				GCC_WARN_UNINITIALIZED_AUTOS = YES_AGGRESSIVE;
				GCC_WARN_UNUSED_FUNCTION = YES;
				GCC_WARN_UNUSED_VARIABLE = YES;
				MACOSX_DEPLOYMENT_TARGET = 13.0;
				MTL_ENABLE_DEBUG_INFO = INCLUDE_SOURCE;
				MTL_FAST_MATH = YES;
				ONLY_ACTIVE_ARCH = NO;
				SDKROOT = macosx;
				SWIFT_ACTIVE_COMPILATION_CONDITIONS = "DEBUG $(inherited)";
				SWIFT_OPTIMIZATION_LEVEL = "-Onone";
			};
			name = Debug;
		};
		FFF00004 /* Release */ = {
			isa = XCBuildConfiguration;
			buildSettings = {
				ALWAYS_SEARCH_USER_PATHS = NO;
				ARCHS = (
					arm64,
					x86_64,
				);
				ASSETCATALOG_COMPILER_GENERATE_SWIFT_ASSET_SYMBOL_EXTENSIONS = YES;
				CLANG_ANALYZER_NONNULL = YES;
				CLANG_ANALYZER_NUMBER_OBJECT_CONVERSION = YES_AGGRESSIVE;
				CLANG_CXX_LANGUAGE_STANDARD = "gnu++20";
				CLANG_ENABLE_MODULES = YES;
				CLANG_ENABLE_OBJC_ARC = YES;
				CLANG_ENABLE_OBJC_WEAK = YES;
				CLANG_WARN_BLOCK_CAPTURE_AUTORELEASING = YES;
				CLANG_WARN_BOOL_CONVERSION = YES;
				CLANG_WARN_COMMA = YES;
				CLANG_WARN_CONSTANT_CONVERSION = YES;
				CLANG_WARN_DEPRECATED_OBJC_IMPLEMENTATIONS = YES;
				CLANG_WARN_DIRECT_OBJC_ISA_USAGE = YES_ERROR;
				CLANG_WARN_DOCUMENTATION_COMMENTS = YES;
				CLANG_WARN_EMPTY_BODY = YES;
				CLANG_WARN_ENUM_CONVERSION = YES;
				CLANG_WARN_INFINITE_RECURSION = YES;
				CLANG_WARN_INT_CONVERSION = YES;
				CLANG_WARN_NON_LITERAL_NULL_CONVERSION = YES;
				CLANG_WARN_OBJC_IMPLICIT_RETAIN_SELF = YES;
				CLANG_WARN_OBJC_LITERAL_CONVERSION = YES;
				CLANG_WARN_OBJC_ROOT_CLASS = YES_ERROR;
				CLANG_WARN_QUOTED_INCLUDE_IN_FRAMEWORK_HEADER = YES;
				CLANG_WARN_RANGE_LOOP_ANALYSIS = YES;
				CLANG_WARN_STRICT_PROTOTYPES = YES;
				CLANG_WARN_SUSPICIOUS_MOVE = YES;
				CLANG_WARN_UNGUARDED_AVAILABILITY = YES_AGGRESSIVE;
				CLANG_WARN_UNREACHABLE_CODE = YES;
				CLANG_WARN__DUPLICATE_METHOD_MATCH = YES;
				COPY_PHASE_STRIP = NO;
				DEBUG_INFORMATION_FORMAT = "dwarf-with-dsym";
				ENABLE_NS_ASSERTIONS = NO;
				ENABLE_STRICT_OBJC_MSGSEND = YES;
				ENABLE_USER_SCRIPT_SANDBOXING = YES;
				GCC_C_LANGUAGE_STANDARD = gnu17;
				GCC_NO_COMMON_BLOCKS = YES;
				GCC_WARN_64_TO_32_BIT_CONVERSION = YES;
				GCC_WARN_ABOUT_RETURN_TYPE = YES_ERROR;
				GCC_WARN_UNDECLARED_SELECTOR = YES;
				GCC_WARN_UNINITIALIZED_AUTOS = YES_AGGRESSIVE;
				GCC_WARN_UNUSED_FUNCTION = YES;
				GCC_WARN_UNUSED_VARIABLE = YES;
				MACOSX_DEPLOYMENT_TARGET = 13.0;
				MTL_ENABLE_DEBUG_INFO = NO;
				MTL_FAST_MATH = YES;
				ONLY_ACTIVE_ARCH = NO;
				SDKROOT = macosx;
				SWIFT_COMPILATION_MODE = wholemodule;
			};
			name = Release;
		};
		FFF00005 /* Debug */ = {
			isa = XCBuildConfiguration;
			buildSettings = {
				ASSETCATALOG_COMPILER_INCLUDE_ALL_APPICON_ASSETS = NO;
				AUTOMATION_APPLE_EVENTS = NO;
				CODE_SIGN_ENTITLEMENTS = Buffer.entitlements;
				"CODE_SIGN_IDENTITY[sdk=macosx*]" = "Apple Development";
				CODE_SIGN_STYLE = Automatic;
				COMBINE_HIDPI_IMAGES = YES;
				CURRENT_PROJECT_VERSION = 1;
				DEVELOPMENT_TEAM = N26FZ4GW28;
				ENABLE_HARDENED_RUNTIME = YES;
				ENABLE_RESOURCE_ACCESS_AUDIO_INPUT = NO;
				ENABLE_RESOURCE_ACCESS_CALENDARS = NO;
				ENABLE_RESOURCE_ACCESS_CAMERA = NO;
				ENABLE_RESOURCE_ACCESS_CONTACTS = NO;
				ENABLE_RESOURCE_ACCESS_LOCATION = NO;
				ENABLE_RESOURCE_ACCESS_PHOTO_LIBRARY = NO;
				GENERATE_INFOPLIST_FILE = NO;
				INFOPLIST_FILE = Info.plist;
				INFOPLIST_KEY_CFBundleDisplayName = Buffer;
				INFOPLIST_KEY_LSApplicationCategoryType = "public.app-category.productivity";
				INFOPLIST_KEY_NSHumanReadableCopyright = "";
				LD_RUNPATH_SEARCH_PATHS = (
					"$(inherited)",
					"@executable_path/../Frameworks",
				);
				MARKETING_VERSION = 1.0;
				PRODUCT_BUNDLE_IDENTIFIER = com.samirpatil.Buffer;
				PRODUCT_NAME = "$(TARGET_NAME)";
				RUNTIME_EXCEPTION_ALLOW_DYLD_ENVIRONMENT_VARIABLES = YES;
				RUNTIME_EXCEPTION_ALLOW_JIT = NO;
				RUNTIME_EXCEPTION_ALLOW_UNSIGNED_EXECUTABLE_MEMORY = YES;
				RUNTIME_EXCEPTION_DEBUGGING_TOOL = NO;
				RUNTIME_EXCEPTION_DISABLE_EXECUTABLE_PAGE_PROTECTION = NO;
				RUNTIME_EXCEPTION_DISABLE_LIBRARY_VALIDATION = NO;
				SWIFT_EMIT_LOC_STRINGS = YES;
				SWIFT_VERSION = 5.0;
			};
			name = Debug;
		};
		FFF00006 /* Release */ = {
			isa = XCBuildConfiguration;
			buildSettings = {
				ASSETCATALOG_COMPILER_INCLUDE_ALL_APPICON_ASSETS = NO;
				AUTOMATION_APPLE_EVENTS = NO;
				CODE_SIGN_ENTITLEMENTS = Buffer.entitlements;
				"CODE_SIGN_IDENTITY[sdk=macosx*]" = "Apple Development";
				CODE_SIGN_STYLE = Automatic;
				COMBINE_HIDPI_IMAGES = YES;
				CURRENT_PROJECT_VERSION = 1;
				DEVELOPMENT_TEAM = N26FZ4GW28;
				ENABLE_HARDENED_RUNTIME = YES;
				ENABLE_RESOURCE_ACCESS_AUDIO_INPUT = NO;
				ENABLE_RESOURCE_ACCESS_CALENDARS = NO;
				ENABLE_RESOURCE_ACCESS_CAMERA = NO;
				ENABLE_RESOURCE_ACCESS_CONTACTS = NO;
				ENABLE_RESOURCE_ACCESS_LOCATION = NO;
				ENABLE_RESOURCE_ACCESS_PHOTO_LIBRARY = NO;
				GENERATE_INFOPLIST_FILE = NO;
				INFOPLIST_FILE = Info.plist;
				INFOPLIST_KEY_CFBundleDisplayName = Buffer;
				INFOPLIST_KEY_LSApplicationCategoryType = "public.app-category.productivity";
				INFOPLIST_KEY_NSHumanReadableCopyright = "";
				LD_RUNPATH_SEARCH_PATHS = (
					"$(inherited)",
					"@executable_path/../Frameworks",
				);
				MARKETING_VERSION = 1.0;
				PRODUCT_BUNDLE_IDENTIFIER = com.samirpatil.Buffer;
				PRODUCT_NAME = "$(TARGET_NAME)";
				RUNTIME_EXCEPTION_ALLOW_DYLD_ENVIRONMENT_VARIABLES = YES;
				RUNTIME_EXCEPTION_ALLOW_JIT = NO;
				RUNTIME_EXCEPTION_ALLOW_UNSIGNED_EXECUTABLE_MEMORY = YES;
				RUNTIME_EXCEPTION_DEBUGGING_TOOL = NO;
				RUNTIME_EXCEPTION_DISABLE_EXECUTABLE_PAGE_PROTECTION = NO;
				RUNTIME_EXCEPTION_DISABLE_LIBRARY_VALIDATION = NO;
				SWIFT_EMIT_LOC_STRINGS = YES;
				SWIFT_VERSION = 5.0;
			};
			name = Release;
		};
/* End XCBuildConfiguration section */

/* Begin XCConfigurationList section */
		DC4E627FBEC5DAB26D856412 /* Build configuration list for PBXNativeTarget "BufferTests" */ = {
			isa = XCConfigurationList;
			buildConfigurations = (
				0D39C5320D118EB54B20C4D2 /* Release */,
				C63DA15124DF42DFB7E6D9BF /* Debug */,
			);
			defaultConfigurationIsVisible = 0;
			defaultConfigurationName = Release;
		};
		FFF00001 /* Build configuration list for PBXProject "Buffer" */ = {
			isa = XCConfigurationList;
			buildConfigurations = (
				FFF00002 /* Debug */,
				FFF00004 /* Release */,
			);
			defaultConfigurationIsVisible = 0;
			defaultConfigurationName = Release;
		};
		FFF00003 /* Build configuration list for PBXNativeTarget "Buffer" */ = {
			isa = XCConfigurationList;
			buildConfigurations = (
				FFF00005 /* Debug */,
				FFF00006 /* Release */,
			);
			defaultConfigurationIsVisible = 0;
			defaultConfigurationName = Release;
		};
/* End XCConfigurationList section */

/* Begin XCRemoteSwiftPackageReference section */
		PKG00001 /* XCRemoteSwiftPackageReference "HighlighterSwift" */ = {
			isa = XCRemoteSwiftPackageReference;
			repositoryURL = "https://github.com/smittytone/HighlighterSwift";
			requirement = {
				kind = upToNextMajorVersion;
				minimumVersion = 3.1.0;
			};
		};
/* End XCRemoteSwiftPackageReference section */

/* Begin XCSwiftPackageProductDependency section */
		PKG00002 /* Highlighter */ = {
			isa = XCSwiftPackageProductDependency;
			package = PKG00001 /* XCRemoteSwiftPackageReference "HighlighterSwift" */;
			productName = Highlighter;
		};
/* End XCSwiftPackageProductDependency section */
	};
	rootObject = GGG00001 /* Project object */;
}
